// !$*UTF8*$!
{
	archiveVersion = 1;
	classes = {
	};
	objectVersion = 48;
	objects = {

/* Begin PBXBuildFile section */
		1877DC28200EE1CB001169DC /* main.m in Sources */ = {isa = PBXBuildFile; fileRef = 1877DC27200EE1CB001169DC /* main.m */; };
		1877DC30200EE2E2001169DC /* CGTestRuntime.m in Sources */ = {isa = PBXBuildFile; fileRef = 1877DC2F200EE2E2001169DC /* CGTestRuntime.m */; };
		1877DC34200EE33F001169DC /* CGTestRuntimePropertyMethod.m in Sources */ = {isa = PBXBuildFile; fileRef = 1877DC33200EE33F001169DC /* CGTestRuntimePropertyMethod.m */; };
/* End PBXBuildFile section */

/* Begin PBXCopyFilesBuildPhase section */
		1877DC22200EE1CB001169DC /* CopyFiles */ = {
			isa = PBXCopyFilesBuildPhase;
			buildActionMask = 2147483647;
			dstPath = /usr/share/man/man1/;
			dstSubfolderSpec = 0;
			files = (
			);
			runOnlyForDeploymentPostprocessing = 1;
		};
/* End PBXCopyFilesBuildPhase section */

/* Begin PBXFileReference section */
		1877DC24200EE1CB001169DC /* CGTestRuntimeProject */ = {isa = PBXFileReference; explicitFileType = "compiled.mach-o.executable"; includeInIndex = 0; path = CGTestRuntimeProject; sourceTree = BUILT_PRODUCTS_DIR; };
		1877DC27200EE1CB001169DC /* main.m */ = {isa = PBXFileReference; lastKnownFileType = sourcecode.c.objc; path = main.m; sourceTree = "<group>"; };
		1877DC2E200EE2E2001169DC /* CGTestRuntime.h */ = {isa = PBXFileReference; lastKnownFileType = sourcecode.c.h; path = CGTestRuntime.h; sourceTree = "<group>"; };
		1877DC2F200EE2E2001169DC /* CGTestRuntime.m */ = {isa = PBXFileReference; lastKnownFileType = sourcecode.c.objc; path = CGTestRuntime.m; sourceTree = "<group>"; };
		1877DC32200EE33F001169DC /* CGTestRuntimePropertyMethod.h */ = {isa = PBXFileReference; lastKnownFileType = sourcecode.c.h; path = CGTestRuntimePropertyMethod.h; sourceTree = "<group>"; };
		1877DC33200EE33F001169DC /* CGTestRuntimePropertyMethod.m */ = {isa = PBXFileReference; lastKnownFileType = sourcecode.c.objc; path = CGTestRuntimePropertyMethod.m; sourceTree = "<group>"; };
/* End PBXFileReference section */

/* Begin PBXFrameworksBuildPhase section */
		1877DC21200EE1CB001169DC /* Frameworks */ = {
			isa = PBXFrameworksBuildPhase;
			buildActionMask = 2147483647;
			files = (
			);
			runOnlyForDeploymentPostprocessing = 0;
		};
/* End PBXFrameworksBuildPhase section */

/* Begin PBXGroup section */
		1877DC1B200EE1CB001169DC = {
			isa = PBXGroup;
			children = (
				1877DC26200EE1CB001169DC /* CGTestRuntimeProject */,
				1877DC25200EE1CB001169DC /* Products */,
			);
			sourceTree = "<group>";
		};
		1877DC25200EE1CB001169DC /* Products */ = {
			isa = PBXGroup;
			children = (
				1877DC24200EE1CB001169DC /* CGTestRuntimeProject */,
			);
			name = Products;
			sourceTree = "<group>";
		};
		1877DC26200EE1CB001169DC /* CGTestRuntimeProject */ = {
			isa = PBXGroup;
			children = (
				1877DC27200EE1CB001169DC /* main.m */,
				1877DC31200EE30A001169DC /* TestClass */,
			);
			path = CGTestRuntimeProject;
			sourceTree = "<group>";
		};
		1877DC31200EE30A001169DC /* TestClass */ = {
			isa = PBXGroup;
			children = (
				1877DC2E200EE2E2001169DC /* CGTestRuntime.h */,
				1877DC2F200EE2E2001169DC /* CGTestRuntime.m */,
				1877DC32200EE33F001169DC /* CGTestRuntimePropertyMethod.h */,
				1877DC33200EE33F001169DC /* CGTestRuntimePropertyMethod.m */,
			);
			path = TestClass;
			sourceTree = "<group>";
		};
/* End PBXGroup section */

/* Begin PBXNativeTarget section */
		1877DC23200EE1CB001169DC /* CGTestRuntimeProject */ = {
			isa = PBXNativeTarget;
			buildConfigurationList = 1877DC2B200EE1CB001169DC /* Build configuration list for PBXNativeTarget "CGTestRuntimeProject" */;
			buildPhases = (
				1877DC20200EE1CB001169DC /* Sources */,
				1877DC21200EE1CB001169DC /* Frameworks */,
				1877DC22200EE1CB001169DC /* CopyFiles */,
			);
			buildRules = (
			);
			dependencies = (
			);
			name = CGTestRuntimeProject;
			productName = CGTestRuntimeProject;
			productReference = 1877DC24200EE1CB001169DC /* CGTestRuntimeProject */;
			productType = "com.apple.product-type.tool";
		};
/* End PBXNativeTarget section */

/* Begin PBXProject section */
		1877DC1C200EE1CB001169DC /* Project object */ = {
			isa = PBXProject;
			attributes = {
				LastUpgradeCheck = 0920;
				ORGANIZATIONNAME = apple;
				TargetAttributes = {
					1877DC23200EE1CB001169DC = {
						CreatedOnToolsVersion = 9.2;
						ProvisioningStyle = Automatic;
					};
				};
			};
			buildConfigurationList = 1877DC1F200EE1CB001169DC /* Build configuration list for PBXProject "CGTestRuntimeProject" */;
			compatibilityVersion = "Xcode 8.0";
			developmentRegion = en;
			hasScannedForEncodings = 0;
			knownRegions = (
				en,
			);
			mainGroup = 1877DC1B200EE1CB001169DC;
			productRefGroup = 1877DC25200EE1CB001169DC /* Products */;
			projectDirPath = "";
			projectRoot = "";
			targets = (
				1877DC23200EE1CB001169DC /* CGTestRuntimeProject */,
			);
		};
/* End PBXProject section */

/* Begin PBXSourcesBuildPhase section */
		1877DC20200EE1CB001169DC /* Sources */ = {
			isa = PBXSourcesBuildPhase;
			buildActionMask = 2147483647;
			files = (
				1877DC30200EE2E2001169DC /* CGTestRuntime.m in Sources */,
				1877DC34200EE33F001169DC /* CGTestRuntimePropertyMethod.m in Sources */,
				1877DC28200EE1CB001169DC /* main.m in Sources */,
			);
			runOnlyForDeploymentPostprocessing = 0;
		};
/* End PBXSourcesBuildPhase section */

/* Begin XCBuildConfiguration section */
		1877DC29200EE1CB001169DC /* Debug */ = {
			isa = XCBuildConfiguration;
			buildSettings = {
				ALWAYS_SEARCH_USER_PATHS = NO;
				CLANG_ANALYZER_NONNULL = YES;
				CLANG_ANALYZER_NUMBER_OBJECT_CONVERSION = YES_AGGRESSIVE;
				CLANG_CXX_LANGUAGE_STANDARD = "gnu++14";
				CLANG_CXX_LIBRARY = "libc++";
				CLANG_ENABLE_MODULES = YES;
				CLANG_ENABLE_OBJC_ARC = YES;
				CLANG_WARN_BLOCK_CAPTURE_AUTORELEASING = YES;
				CLANG_WARN_BOOL_CONVERSION = YES;
				CLANG_WARN_COMMA = YES;
				CLANG_WARN_CONSTANT_CONVERSION = YES;
				CLANG_WARN_DIRECT_OBJC_ISA_USAGE = YES_ERROR;
				CLANG_WARN_DOCUMENTATION_COMMENTS = YES;
				CLANG_WARN_EMPTY_BODY = YES;
				CLANG_WARN_ENUM_CONVERSION = YES;
				CLANG_WARN_INFINITE_RECURSION = YES;
				CLANG_WARN_INT_CONVERSION = YES;
				CLANG_WARN_NON_LITERAL_NULL_CONVERSION = YES;
				CLANG_WARN_OBJC_LITERAL_CONVERSION = YES;
				CLANG_WARN_OBJC_ROOT_CLASS = YES_ERROR;
				CLANG_WARN_RANGE_LOOP_ANALYSIS = YES;
				CLANG_WARN_STRICT_PROTOTYPES = YES;
				CLANG_WARN_SUSPICIOUS_MOVE = YES;
				CLANG_WARN_UNGUARDED_AVAILABILITY = YES_AGGRESSIVE;
				CLANG_WARN_UNREACHABLE_CODE = YES;
				CLANG_WARN__DUPLICATE_METHOD_MATCH = YES;
				CODE_SIGN_IDENTITY = "-";
				COPY_PHASE_STRIP = NO;
				DEBUG_INFORMATION_FORMAT = dwarf;
				ENABLE_STRICT_OBJC_MSGSEND = YES;
				ENABLE_TESTABILITY = YES;
				GCC_C_LANGUAGE_STANDARD = gnu11;
				GCC_DYNAMIC_NO_PIC = NO;
				GCC_NO_COMMON_BLOCKS = YES;
				GCC_OPTIMIZATION_LEVEL = 0;
				GCC_PREPROCESSOR_DEFINITIONS = (
					"DEBUG=1",
					"$(inherited)",
				);
				GCC_WARN_64_TO_32_BIT_CONVERSION = YES;
				GCC_WARN_ABOUT_RETURN_TYPE = YES_ERROR;
				GCC_WARN_UNDECLARED_SELECTOR = YES;
				GCC_WARN_UNINITIALIZED_AUTOS = YES_AGGRESSIVE;
				GCC_WARN_UNUSED_FUNCTION = YES;
				GCC_WARN_UNUSED_VARIABLE = YES;
				MACOSX_DEPLOYMENT_TARGET = 10.13;
				MTL_ENABLE_DEBUG_INFO = YES;
				ONLY_ACTIVE_ARCH = YES;
				SDKROOT = macosx;
			};
			name = Debug;
		};
		1877DC2A200EE1CB001169DC /* Release */ = {
			isa = XCBuildConfiguration;
			buildSettings = {
				ALWAYS_SEARCH_USER_PATHS = NO;
				CLANG_ANALYZER_NONNULL = YES;
				CLANG_ANALYZER_NUMBER_OBJECT_CONVERSION = YES_AGGRESSIVE;
				CLANG_CXX_LANGUAGE_STANDARD = "gnu++14";
				CLANG_CXX_LIBRARY = "libc++";
				CLANG_ENABLE_MODULES = YES;
				CLANG_ENABLE_OBJC_ARC = YES;
				CLANG_WARN_BLOCK_CAPTURE_AUTORELEASING = YES;
				CLANG_WARN_BOOL_CONVERSION = YES;
				CLANG_WARN_COMMA = YES;
				CLANG_WARN_CONSTANT_CONVERSION = YES;
				CLANG_WARN_DIRECT_OBJC_ISA_USAGE = YES_ERROR;
				CLANG_WARN_DOCUMENTATION_COMMENTS = YES;
				CLANG_WARN_EMPTY_BODY = YES;
				CLANG_WARN_ENUM_CONVERSION = YES;
				CLANG_WARN_INFINITE_RECURSION = YES;
				CLANG_WARN_INT_CONVERSION = YES;
				CLANG_WARN_NON_LITERAL_NULL_CONVERSION = YES;
				CLANG_WARN_OBJC_LITERAL_CONVERSION = YES;
				CLANG_WARN_OBJC_ROOT_CLASS = YES_ERROR;
				CLANG_WARN_RANGE_LOOP_ANALYSIS = YES;
				CLANG_WARN_STRICT_PROTOTYPES = YES;
				CLANG_WARN_SUSPICIOUS_MOVE = YES;
				CLANG_WARN_UNGUARDED_AVAILABILITY = YES_AGGRESSIVE;
				CLANG_WARN_UNREACHABLE_CODE = YES;
				CLANG_WARN__DUPLICATE_METHOD_MATCH = YES;
				CODE_SIGN_IDENTITY = "-";
				COPY_PHASE_STRIP = NO;
				DEBUG_INFORMATION_FORMAT = "dwarf-with-dsym";
				ENABLE_NS_ASSERTIONS = NO;
				ENABLE_STRICT_OBJC_MSGSEND = YES;
				GCC_C_LANGUAGE_STANDARD = gnu11;
				GCC_NO_COMMON_BLOCKS = YES;
				GCC_WARN_64_TO_32_BIT_CONVERSION = YES;
				GCC_WARN_ABOUT_RETURN_TYPE = YES_ERROR;
				GCC_WARN_UNDECLARED_SELECTOR = YES;
				GCC_WARN_UNINITIALIZED_AUTOS = YES_AGGRESSIVE;
				GCC_WARN_UNUSED_FUNCTION = YES;
				GCC_WARN_UNUSED_VARIABLE = YES;
				MACOSX_DEPLOYMENT_TARGET = 10.13;
				MTL_ENABLE_DEBUG_INFO = NO;
				SDKROOT = macosx;
			};
			name = Release;
		};
		1877DC2C200EE1CB001169DC /* Debug */ = {
			isa = XCBuildConfiguration;
			buildSettings = {
				CODE_SIGN_STYLE = Automatic;
				PRODUCT_NAME = "$(TARGET_NAME)";
			};
			name = Debug;
		};
		1877DC2D200EE1CB001169DC /* Release */ = {
			isa = XCBuildConfiguration;
			buildSettings = {
				CODE_SIGN_STYLE = Automatic;
				PRODUCT_NAME = "$(TARGET_NAME)";
			};
			name = Release;
		};
/* End XCBuildConfiguration section */

/* Begin XCConfigurationList section */
		1877DC1F200EE1CB001169DC /* Build configuration list for PBXProject "CGTestRuntimeProject" */ = {
			isa = XCConfigurationList;
			buildConfigurations = (
				1877DC29200EE1CB001169DC /* Debug */,
				1877DC2A200EE1CB001169DC /* Release */,
			);
			defaultConfigurationIsVisible = 0;
			defaultConfigurationName = Release;
		};
		1877DC2B200EE1CB001169DC /* Build configuration list for PBXNativeTarget "CGTestRuntimeProject" */ = {
			isa = XCConfigurationList;
			buildConfigurations = (
				1877DC2C200EE1CB001169DC /* Debug */,
				1877DC2D200EE1CB001169DC /* Release */,
			);
			defaultConfigurationIsVisible = 0;
			defaultConfigurationName = Release;
		};
/* End XCConfigurationList section */
	};
	rootObject = 1877DC1C200EE1CB001169DC /* Project object */;
}
